
Microsoft Visual Studio Solution File, Format Version 12.00
# Visual Studio Version 16
VisualStudioVersion = 16.0.30804.86
MinimumVisualStudioVersion = 10.0.40219.1
Project("{9A19103F-16F7-4668-BE54-9A1E7A4F7556}") = "search-from-archive", "search-from-archive.csproj", "{8D5F1494-CA47-45BC-A7D8-50C8CB9EC91E}"
EndProject
Global
	GlobalSection(SolutionConfigurationPlatforms) = preSolution
		Debug|Any CPU = Debug|Any CPU
		Release|Any CPU = Release|Any CPU
	EndGlobalSection
	GlobalSection(ProjectConfigurationPlatforms) = postSolution
		{8D5F1494-CA47-45BC-A7D8-50C8CB9EC91E}.Debug|Any CPU.ActiveCfg = Debug|Any CPU
		{8D5F1494-CA47-45BC-A7D8-50C8CB9EC91E}.Debug|Any CPU.Build.0 = Debug|Any CPU
		{8D5F1494-CA47-45BC-A7D8-50C8CB9EC91E}.Release|Any CPU.ActiveCfg = Release|Any CPU
		{8D5F1494-CA47-45BC-A7D8-50C8CB9EC91E}.Release|Any CPU.Build.0 = Release|Any CPU
	EndGlobalSection
	GlobalSection(SolutionProperties) = preSolution
		HideSolutionNode = FALSE
	EndGlobalSection
	GlobalSection(ExtensibilityGlobals) = postSolution
		SolutionGuid = {5497C85A-AF54-46CE-80DC-4B825F3B38A5}
	EndGlobalSection
EndGlobal
